
Microsoft Visual Studio Solution File, Format Version 12.00
# Visual Studio Version 16
VisualStudioVersion = 16.0.30114.105
MinimumVisualStudioVersion = 10.0.40219.1
Project("{FAE04EC0-301F-11D3-BF4B-00C04F79EFBC}") = "API", "API\API.csproj", "{723673AD-078E-4F71-A130-BDFA89D10937}"
EndProject
Project("{FAE04EC0-301F-11D3-BF4B-00C04F79EFBC}") = "Core", "Core\Core.csproj", "{E3733349-E30A-4E59-A196-6BD5702A375E}"
EndProject
Project("{FAE04EC0-301F-11D3-BF4B-00C04F79EFBC}") = "Infrastructure", "Infrastructure\Infrastructure.csproj", "{BCB84226-A955-484B-8E87-C4574EA1A804}"
EndProject
Global
	GlobalSection(SolutionConfigurationPlatforms) = preSolution
		Debug|Any CPU = Debug|Any CPU
		Release|Any CPU = Release|Any CPU
	EndGlobalSection
	GlobalSection(SolutionProperties) = preSolution
		HideSolutionNode = FALSE
	EndGlobalSection
	GlobalSection(ProjectConfigurationPlatforms) = postSolution
		{723673AD-078E-4F71-A130-BDFA89D10937}.Debug|Any CPU.ActiveCfg = Debug|Any CPU
		{723673AD-078E-4F71-A130-BDFA89D10937}.Debug|Any CPU.Build.0 = Debug|Any CPU
		{723673AD-078E-4F71-A130-BDFA89D10937}.Release|Any CPU.ActiveCfg = Release|Any CPU
		{723673AD-078E-4F71-A130-BDFA89D10937}.Release|Any CPU.Build.0 = Release|Any CPU
		{E3733349-E30A-4E59-A196-6BD5702A375E}.Debug|Any CPU.ActiveCfg = Debug|Any CPU
		{E3733349-E30A-4E59-A196-6BD5702A375E}.Debug|Any CPU.Build.0 = Debug|Any CPU
		{E3733349-E30A-4E59-A196-6BD5702A375E}.Release|Any CPU.ActiveCfg = Release|Any CPU
		{E3733349-E30A-4E59-A196-6BD5702A375E}.Release|Any CPU.Build.0 = Release|Any CPU
		{BCB84226-A955-484B-8E87-C4574EA1A804}.Debug|Any CPU.ActiveCfg = Debug|Any CPU
		{BCB84226-A955-484B-8E87-C4574EA1A804}.Debug|Any CPU.Build.0 = Debug|Any CPU
		{BCB84226-A955-484B-8E87-C4574EA1A804}.Release|Any CPU.ActiveCfg = Release|Any CPU
		{BCB84226-A955-484B-8E87-C4574EA1A804}.Release|Any CPU.Build.0 = Release|Any CPU
	EndGlobalSection
EndGlobal
